
Microsoft Visual Studio Solution File, Format Version 12.00
# Visual Studio Version 17
VisualStudioVersion = 17.8.34004.107
MinimumVisualStudioVersion = 10.0.40219.1
Project("{FAE04EC0-301F-11D3-BF4B-00C04F79EFBC}") = "MECH423Lab1E4to9", "MECH423Lab1E4to9.csproj", "{4412DF8B-F56E-4C08-B196-F5ADA036FBCF}"
EndProject
Global
	GlobalSection(SolutionConfigurationPlatforms) = preSolution
		Debug|Any CPU = Debug|Any CPU
		Release|Any CPU = Release|Any CPU
	EndGlobalSection
	GlobalSection(ProjectConfigurationPlatforms) = postSolution
		{4412DF8B-F56E-4C08-B196-F5ADA036FBCF}.Debug|Any CPU.ActiveCfg = Debug|Any CPU
		{4412DF8B-F56E-4C08-B196-F5ADA036FBCF}.Debug|Any CPU.Build.0 = Debug|Any CPU
		{4412DF8B-F56E-4C08-B196-F5ADA036FBCF}.Release|Any CPU.ActiveCfg = Release|Any CPU
		{4412DF8B-F56E-4C08-B196-F5ADA036FBCF}.Release|Any CPU.Build.0 = Release|Any CPU
	EndGlobalSection
	GlobalSection(SolutionProperties) = preSolution
		HideSolutionNode = FALSE
	EndGlobalSection
	GlobalSection(ExtensibilityGlobals) = postSolution
		SolutionGuid = {EDF91CEB-4F63-47FD-BE97-C0F81A897825}
	EndGlobalSection
EndGlobal
